// !$*UTF8*$!
{
	archiveVersion = 1;
	classes = {
	};
	objectVersion = 48;
	objects = {

/* Begin PBXBuildFile section */
		1B62199F20613C0F00C0D816 /* AppDelegate.swift in Sources */ = {isa = PBXBuildFile; fileRef = 1B62199E20613C0F00C0D816 /* AppDelegate.swift */; };
		1B6219A420613C0F00C0D816 /* Main.storyboard in Resources */ = {isa = PBXBuildFile; fileRef = 1B6219A220613C0F00C0D816 /* Main.storyboard */; };
		1B6219A620613C0F00C0D816 /* Assets.xcassets in Resources */ = {isa = PBXBuildFile; fileRef = 1B6219A520613C0F00C0D816 /* Assets.xcassets */; };
		1B6219A920613C0F00C0D816 /* LaunchScreen.storyboard in Resources */ = {isa = PBXBuildFile; fileRef = 1B6219A720613C0F00C0D816 /* LaunchScreen.storyboard */; };
		1B6219B12061A70F00C0D816 /* LunchTableViewCell.swift in Sources */ = {isa = PBXBuildFile; fileRef = 1B6219B02061A70F00C0D816 /* LunchTableViewCell.swift */; };
		1B6219B32061A78900C0D816 /* LunchMenuViewController.swift in Sources */ = {isa = PBXBuildFile; fileRef = 1B6219B22061A78900C0D816 /* LunchMenuViewController.swift */; };
		1B6219B52061AA7100C0D816 /* PopoverViewController.swift in Sources */ = {isa = PBXBuildFile; fileRef = 1B6219B42061AA7100C0D816 /* PopoverViewController.swift */; };
		1BABE5C02063BCF900D398F1 /* GoogleService-Info.plist in Resources */ = {isa = PBXBuildFile; fileRef = 1BABE5BF2063BC9E00D398F1 /* GoogleService-Info.plist */; };
		1BABE5C22063FD7000D398F1 /* SignupViewController.swift in Sources */ = {isa = PBXBuildFile; fileRef = 1BABE5C12063FD7000D398F1 /* SignupViewController.swift */; };
		CED01A0A08D50B3CC369ED4A /* Pods_FonkLunchTimeMenu.framework in Frameworks */ = {isa = PBXBuildFile; fileRef = 62CDE8B96D7DB6D7F1A811CC /* Pods_FonkLunchTimeMenu.framework */; };
/* End PBXBuildFile section */

/* Begin PBXFileReference section */
		04B95AD90A4C22045EBD7C19 /* Pods-FonkLunchTimeMenu.debug.xcconfig */ = {isa = PBXFileReference; includeInIndex = 1; lastKnownFileType = text.xcconfig; name = "Pods-FonkLunchTimeMenu.debug.xcconfig"; path = "Pods/Target Support Files/Pods-FonkLunchTimeMenu/Pods-FonkLunchTimeMenu.debug.xcconfig"; sourceTree = "<group>"; };
		1B62199B20613C0F00C0D816 /* FonkLunchTimeMenu.app */ = {isa = PBXFileReference; explicitFileType = wrapper.application; includeInIndex = 0; path = FonkLunchTimeMenu.app; sourceTree = BUILT_PRODUCTS_DIR; };
		1B62199E20613C0F00C0D816 /* AppDelegate.swift */ = {isa = PBXFileReference; lastKnownFileType = sourcecode.swift; path = AppDelegate.swift; sourceTree = "<group>"; };
		1B6219A320613C0F00C0D816 /* Base */ = {isa = PBXFileReference; lastKnownFileType = file.storyboard; name = Base; path = Base.lproj/Main.storyboard; sourceTree = "<group>"; };
		1B6219A520613C0F00C0D816 /* Assets.xcassets */ = {isa = PBXFileReference; lastKnownFileType = folder.assetcatalog; path = Assets.xcassets; sourceTree = "<group>"; };
		1B6219A820613C0F00C0D816 /* Base */ = {isa = PBXFileReference; lastKnownFileType = file.storyboard; name = Base; path = Base.lproj/LaunchScreen.storyboard; sourceTree = "<group>"; };
		1B6219AA20613C0F00C0D816 /* Info.plist */ = {isa = PBXFileReference; lastKnownFileType = text.plist.xml; path = Info.plist; sourceTree = "<group>"; };
		1B6219B02061A70F00C0D816 /* LunchTableViewCell.swift */ = {isa = PBXFileReference; lastKnownFileType = sourcecode.swift; path = LunchTableViewCell.swift; sourceTree = "<group>"; };
		1B6219B22061A78900C0D816 /* LunchMenuViewController.swift */ = {isa = PBXFileReference; lastKnownFileType = sourcecode.swift; path = LunchMenuViewController.swift; sourceTree = "<group>"; };
		1B6219B42061AA7100C0D816 /* PopoverViewController.swift */ = {isa = PBXFileReference; lastKnownFileType = sourcecode.swift; path = PopoverViewController.swift; sourceTree = "<group>"; };
		1BABE5BA2063B9BD00D398F1 /* FonkLunchTimeMenu-Bridging-Header.h */ = {isa = PBXFileReference; lastKnownFileType = sourcecode.c.h; path = "FonkLunchTimeMenu-Bridging-Header.h"; sourceTree = "<group>"; };
		1BABE5BF2063BC9E00D398F1 /* GoogleService-Info.plist */ = {isa = PBXFileReference; lastKnownFileType = text.plist.xml; path = "GoogleService-Info.plist"; sourceTree = "<group>"; };
		1BABE5C12063FD7000D398F1 /* SignupViewController.swift */ = {isa = PBXFileReference; lastKnownFileType = sourcecode.swift; path = SignupViewController.swift; sourceTree = "<group>"; };
		62CDE8B96D7DB6D7F1A811CC /* Pods_FonkLunchTimeMenu.framework */ = {isa = PBXFileReference; explicitFileType = wrapper.framework; includeInIndex = 0; path = Pods_FonkLunchTimeMenu.framework; sourceTree = BUILT_PRODUCTS_DIR; };
		BE83FCBBF36A6124C5458045 /* Pods-FonkLunchTimeMenu.release.xcconfig */ = {isa = PBXFileReference; includeInIndex = 1; lastKnownFileType = text.xcconfig; name = "Pods-FonkLunchTimeMenu.release.xcconfig"; path = "Pods/Target Support Files/Pods-FonkLunchTimeMenu/Pods-FonkLunchTimeMenu.release.xcconfig"; sourceTree = "<group>"; };
/* End PBXFileReference section */

/* Begin PBXFrameworksBuildPhase section */
		1B62199820613C0F00C0D816 /* Frameworks */ = {
			isa = PBXFrameworksBuildPhase;
			buildActionMask = 2147483647;
			files = (
				CED01A0A08D50B3CC369ED4A /* Pods_FonkLunchTimeMenu.framework in Frameworks */,
			);
			runOnlyForDeploymentPostprocessing = 0;
		};
/* End PBXFrameworksBuildPhase section */

/* Begin PBXGroup section */
		1B62199220613C0F00C0D816 = {
			isa = PBXGroup;
			children = (
				1B62199D20613C0F00C0D816 /* FonkLunchTimeMenu */,
				1B62199C20613C0F00C0D816 /* Products */,
				F942A9A852E242297359B158 /* Pods */,
				E2ACC01D7D436FC538802CE9 /* Frameworks */,
			);
			sourceTree = "<group>";
		};
		1B62199C20613C0F00C0D816 /* Products */ = {
			isa = PBXGroup;
			children = (
				1B62199B20613C0F00C0D816 /* FonkLunchTimeMenu.app */,
			);
			name = Products;
			sourceTree = "<group>";
		};
		1B62199D20613C0F00C0D816 /* FonkLunchTimeMenu */ = {
			isa = PBXGroup;
			children = (
				1B62199E20613C0F00C0D816 /* AppDelegate.swift */,
				1BABE5C12063FD7000D398F1 /* SignupViewController.swift */,
				1B6219A220613C0F00C0D816 /* Main.storyboard */,
				1B6219A520613C0F00C0D816 /* Assets.xcassets */,
				1B6219B02061A70F00C0D816 /* LunchTableViewCell.swift */,
				1B6219B22061A78900C0D816 /* LunchMenuViewController.swift */,
				1BABE5BF2063BC9E00D398F1 /* GoogleService-Info.plist */,
				1B6219B42061AA7100C0D816 /* PopoverViewController.swift */,
				1B6219A720613C0F00C0D816 /* LaunchScreen.storyboard */,
				1B6219AA20613C0F00C0D816 /* Info.plist */,
				1BABE5BA2063B9BD00D398F1 /* FonkLunchTimeMenu-Bridging-Header.h */,
			);
			path = FonkLunchTimeMenu;
			sourceTree = "<group>";
		};
		E2ACC01D7D436FC538802CE9 /* Frameworks */ = {
			isa = PBXGroup;
			children = (
				62CDE8B96D7DB6D7F1A811CC /* Pods_FonkLunchTimeMenu.framework */,
			);
			name = Frameworks;
			sourceTree = "<group>";
		};
		F942A9A852E242297359B158 /* Pods */ = {
			isa = PBXGroup;
			children = (
				04B95AD90A4C22045EBD7C19 /* Pods-FonkLunchTimeMenu.debug.xcconfig */,
				BE83FCBBF36A6124C5458045 /* Pods-FonkLunchTimeMenu.release.xcconfig */,
			);
			name = Pods;
			sourceTree = "<group>";
		};
/* End PBXGroup section */

/* Begin PBXNativeTarget section */
		1B62199A20613C0F00C0D816 /* FonkLunchTimeMenu */ = {
			isa = PBXNativeTarget;
			buildConfigurationList = 1B6219AD20613C0F00C0D816 /* Build configuration list for PBXNativeTarget "FonkLunchTimeMenu" */;
			buildPhases = (
				9098F50AD4B465BA6E78716D /* [CP] Check Pods Manifest.lock */,
				1B62199720613C0F00C0D816 /* Sources */,
				1B62199820613C0F00C0D816 /* Frameworks */,
				1B62199920613C0F00C0D816 /* Resources */,
				19959A912965B71F56651604 /* [CP] Embed Pods Frameworks */,
				004AC31F0A400A26EB9AA669 /* [CP] Copy Pods Resources */,
			);
			buildRules = (
			);
			dependencies = (
			);
			name = FonkLunchTimeMenu;
			productName = FonkLunchTimeMenu;
			productReference = 1B62199B20613C0F00C0D816 /* FonkLunchTimeMenu.app */;
			productType = "com.apple.product-type.application";
		};
/* End PBXNativeTarget section */

/* Begin PBXProject section */
		1B62199320613C0F00C0D816 /* Project object */ = {
			isa = PBXProject;
			attributes = {
				LastSwiftUpdateCheck = 0900;
				LastUpgradeCheck = 0900;
				ORGANIZATIONNAME = Appulse;
				TargetAttributes = {
					1B62199A20613C0F00C0D816 = {
						CreatedOnToolsVersion = 9.0;
						LastSwiftMigration = 0900;
						ProvisioningStyle = Automatic;
					};
				};
			};
			buildConfigurationList = 1B62199620613C0F00C0D816 /* Build configuration list for PBXProject "FonkLunchTimeMenu" */;
			compatibilityVersion = "Xcode 8.0";
			developmentRegion = en;
			hasScannedForEncodings = 0;
			knownRegions = (
				en,
				Base,
			);
			mainGroup = 1B62199220613C0F00C0D816;
			productRefGroup = 1B62199C20613C0F00C0D816 /* Products */;
			projectDirPath = "";
			projectRoot = "";
			targets = (
				1B62199A20613C0F00C0D816 /* FonkLunchTimeMenu */,
			);
		};
/* End PBXProject section */

/* Begin PBXResourcesBuildPhase section */
		1B62199920613C0F00C0D816 /* Resources */ = {
			isa = PBXResourcesBuildPhase;
			buildActionMask = 2147483647;
			files = (
				1B6219A920613C0F00C0D816 /* LaunchScreen.storyboard in Resources */,
				1BABE5C02063BCF900D398F1 /* GoogleService-Info.plist in Resources */,
				1B6219A620613C0F00C0D816 /* Assets.xcassets in Resources */,
				1B6219A420613C0F00C0D816 /* Main.storyboard in Resources */,
			);
			runOnlyForDeploymentPostprocessing = 0;
		};
/* End PBXResourcesBuildPhase section */

/* Begin PBXShellScriptBuildPhase section */
		004AC31F0A400A26EB9AA669 /* [CP] Copy Pods Resources */ = {
			isa = PBXShellScriptBuildPhase;
			buildActionMask = 2147483647;
			files = (
			);
			inputPaths = (
			);
			name = "[CP] Copy Pods Resources";
			outputPaths = (
			);
			runOnlyForDeploymentPostprocessing = 0;
			shellPath = /bin/sh;
			shellScript = "\"${SRCROOT}/Pods/Target Support Files/Pods-FonkLunchTimeMenu/Pods-FonkLunchTimeMenu-resources.sh\"\n";
			showEnvVarsInLog = 0;
		};
		19959A912965B71F56651604 /* [CP] Embed Pods Frameworks */ = {
			isa = PBXShellScriptBuildPhase;
			buildActionMask = 2147483647;
			files = (
			);
			inputPaths = (
				"${SRCROOT}/Pods/Target Support Files/Pods-FonkLunchTimeMenu/Pods-FonkLunchTimeMenu-frameworks.sh",
				"${BUILT_PRODUCTS_DIR}/GTMSessionFetcher/GTMSessionFetcher.framework",
				"${BUILT_PRODUCTS_DIR}/GoogleToolboxForMac/GoogleToolboxForMac.framework",
				"${BUILT_PRODUCTS_DIR}/SDWebImage/SDWebImage.framework",
				"${BUILT_PRODUCTS_DIR}/leveldb-library/leveldb.framework",
				"${BUILT_PRODUCTS_DIR}/nanopb/nanopb.framework",
			);
			name = "[CP] Embed Pods Frameworks";
			outputPaths = (
				"${TARGET_BUILD_DIR}/${FRAMEWORKS_FOLDER_PATH}/GTMSessionFetcher.framework",
				"${TARGET_BUILD_DIR}/${FRAMEWORKS_FOLDER_PATH}/GoogleToolboxForMac.framework",
				"${TARGET_BUILD_DIR}/${FRAMEWORKS_FOLDER_PATH}/SDWebImage.framework",
				"${TARGET_BUILD_DIR}/${FRAMEWORKS_FOLDER_PATH}/leveldb.framework",
				"${TARGET_BUILD_DIR}/${FRAMEWORKS_FOLDER_PATH}/nanopb.framework",
			);
			runOnlyForDeploymentPostprocessing = 0;
			shellPath = /bin/sh;
			shellScript = "\"${SRCROOT}/Pods/Target Support Files/Pods-FonkLunchTimeMenu/Pods-FonkLunchTimeMenu-frameworks.sh\"\n";
			showEnvVarsInLog = 0;
		};
		9098F50AD4B465BA6E78716D /* [CP] Check Pods Manifest.lock */ = {
			isa = PBXShellScriptBuildPhase;
			buildActionMask = 2147483647;
			files = (
			);
			inputPaths = (
				"${PODS_PODFILE_DIR_PATH}/Podfile.lock",
				"${PODS_ROOT}/Manifest.lock",
			);
			name = "[CP] Check Pods Manifest.lock";
			outputPaths = (
				"$(DERIVED_FILE_DIR)/Pods-FonkLunchTimeMenu-checkManifestLockResult.txt",
			);
			runOnlyForDeploymentPostprocessing = 0;
			shellPath = /bin/sh;
			shellScript = "diff \"${PODS_PODFILE_DIR_PATH}/Podfile.lock\" \"${PODS_ROOT}/Manifest.lock\" > /dev/null\nif [ $? != 0 ] ; then\n    # print error to STDERR\n    echo \"error: The sandbox is not in sync with the Podfile.lock. Run 'pod install' or update your CocoaPods installation.\" >&2\n    exit 1\nfi\n# This output is used by Xcode 'outputs' to avoid re-running this script phase.\necho \"SUCCESS\" > \"${SCRIPT_OUTPUT_FILE_0}\"\n";
			showEnvVarsInLog = 0;
		};
/* End PBXShellScriptBuildPhase section */

/* Begin PBXSourcesBuildPhase section */
		1B62199720613C0F00C0D816 /* Sources */ = {
			isa = PBXSourcesBuildPhase;
			buildActionMask = 2147483647;
			files = (
				1BABE5C22063FD7000D398F1 /* SignupViewController.swift in Sources */,
				1B6219B12061A70F00C0D816 /* LunchTableViewCell.swift in Sources */,
				1B6219B52061AA7100C0D816 /* PopoverViewController.swift in Sources */,
				1B6219B32061A78900C0D816 /* LunchMenuViewController.swift in Sources */,
				1B62199F20613C0F00C0D816 /* AppDelegate.swift in Sources */,
			);
			runOnlyForDeploymentPostprocessing = 0;
		};
/* End PBXSourcesBuildPhase section */

/* Begin PBXVariantGroup section */
		1B6219A220613C0F00C0D816 /* Main.storyboard */ = {
			isa = PBXVariantGroup;
			children = (
				1B6219A320613C0F00C0D816 /* Base */,
			);
			name = Main.storyboard;
			sourceTree = "<group>";
		};
		1B6219A720613C0F00C0D816 /* LaunchScreen.storyboard */ = {
			isa = PBXVariantGroup;
			children = (
				1B6219A820613C0F00C0D816 /* Base */,
			);
			name = LaunchScreen.storyboard;
			sourceTree = "<group>";
		};
/* End PBXVariantGroup section */

/* Begin XCBuildConfiguration section */
		1B6219AB20613C0F00C0D816 /* Debug */ = {
			isa = XCBuildConfiguration;
			buildSettings = {
				ALWAYS_SEARCH_USER_PATHS = NO;
				CLANG_ANALYZER_NONNULL = YES;
				CLANG_ANALYZER_NUMBER_OBJECT_CONVERSION = YES_AGGRESSIVE;
				CLANG_CXX_LANGUAGE_STANDARD = "gnu++14";
				CLANG_CXX_LIBRARY = "libc++";
				CLANG_ENABLE_MODULES = YES;
				CLANG_ENABLE_OBJC_ARC = YES;
				CLANG_WARN_BLOCK_CAPTURE_AUTORELEASING = YES;
				CLANG_WARN_BOOL_CONVERSION = YES;
				CLANG_WARN_COMMA = YES;
				CLANG_WARN_CONSTANT_CONVERSION = YES;
				CLANG_WARN_DIRECT_OBJC_ISA_USAGE = YES_ERROR;
				CLANG_WARN_DOCUMENTATION_COMMENTS = YES;
				CLANG_WARN_EMPTY_BODY = YES;
				CLANG_WARN_ENUM_CONVERSION = YES;
				CLANG_WARN_INFINITE_RECURSION = YES;
				CLANG_WARN_INT_CONVERSION = YES;
				CLANG_WARN_NON_LITERAL_NULL_CONVERSION = YES;
				CLANG_WARN_OBJC_LITERAL_CONVERSION = YES;
				CLANG_WARN_OBJC_ROOT_CLASS = YES_ERROR;
				CLANG_WARN_RANGE_LOOP_ANALYSIS = YES;
				CLANG_WARN_STRICT_PROTOTYPES = YES;
				CLANG_WARN_SUSPICIOUS_MOVE = YES;
				CLANG_WARN_UNGUARDED_AVAILABILITY = YES_AGGRESSIVE;
				CLANG_WARN_UNREACHABLE_CODE = YES;
				CLANG_WARN__DUPLICATE_METHOD_MATCH = YES;
				CODE_SIGN_IDENTITY = "iPhone Developer";
				COPY_PHASE_STRIP = NO;
				DEBUG_INFORMATION_FORMAT = dwarf;
				ENABLE_STRICT_OBJC_MSGSEND = YES;
				ENABLE_TESTABILITY = YES;
				GCC_C_LANGUAGE_STANDARD = gnu11;
				GCC_DYNAMIC_NO_PIC = NO;
				GCC_NO_COMMON_BLOCKS = YES;
				GCC_OPTIMIZATION_LEVEL = 0;
				GCC_PREPROCESSOR_DEFINITIONS = (
					"DEBUG=1",
					"$(inherited)",
				);
				GCC_WARN_64_TO_32_BIT_CONVERSION = YES;
				GCC_WARN_ABOUT_RETURN_TYPE = YES_ERROR;
				GCC_WARN_UNDECLARED_SELECTOR = YES;
				GCC_WARN_UNINITIALIZED_AUTOS = YES_AGGRESSIVE;
				GCC_WARN_UNUSED_FUNCTION = YES;
				GCC_WARN_UNUSED_VARIABLE = YES;
				IPHONEOS_DEPLOYMENT_TARGET = 11.0;
				MTL_ENABLE_DEBUG_INFO = YES;
				ONLY_ACTIVE_ARCH = YES;
				SDKROOT = iphoneos;
				SWIFT_ACTIVE_COMPILATION_CONDITIONS = DEBUG;
				SWIFT_OPTIMIZATION_LEVEL = "-Onone";
			};
			name = Debug;
		};
		1B6219AC20613C0F00C0D816 /* Release */ = {
			isa = XCBuildConfiguration;
			buildSettings = {
				ALWAYS_SEARCH_USER_PATHS = NO;
				CLANG_ANALYZER_NONNULL = YES;
				CLANG_ANALYZER_NUMBER_OBJECT_CONVERSION = YES_AGGRESSIVE;
				CLANG_CXX_LANGUAGE_STANDARD = "gnu++14";
				CLANG_CXX_LIBRARY = "libc++";
				CLANG_ENABLE_MODULES = YES;
				CLANG_ENABLE_OBJC_ARC = YES;
				CLANG_WARN_BLOCK_CAPTURE_AUTORELEASING = YES;
				CLANG_WARN_BOOL_CONVERSION = YES;
				CLANG_WARN_COMMA = YES;
				CLANG_WARN_CONSTANT_CONVERSION = YES;
				CLANG_WARN_DIRECT_OBJC_ISA_USAGE = YES_ERROR;
				CLANG_WARN_DOCUMENTATION_COMMENTS = YES;
				CLANG_WARN_EMPTY_BODY = YES;
				CLANG_WARN_ENUM_CONVERSION = YES;
				CLANG_WARN_INFINITE_RECURSION = YES;
				CLANG_WARN_INT_CONVERSION = YES;
				CLANG_WARN_NON_LITERAL_NULL_CONVERSION = YES;
				CLANG_WARN_OBJC_LITERAL_CONVERSION = YES;
				CLANG_WARN_OBJC_ROOT_CLASS = YES_ERROR;
				CLANG_WARN_RANGE_LOOP_ANALYSIS = YES;
				CLANG_WARN_STRICT_PROTOTYPES = YES;
				CLANG_WARN_SUSPICIOUS_MOVE = YES;
				CLANG_WARN_UNGUARDED_AVAILABILITY = YES_AGGRESSIVE;
				CLANG_WARN_UNREACHABLE_CODE = YES;
				CLANG_WARN__DUPLICATE_METHOD_MATCH = YES;
				CODE_SIGN_IDENTITY = "iPhone Developer";
				COPY_PHASE_STRIP = NO;
				DEBUG_INFORMATION_FORMAT = "dwarf-with-dsym";
				ENABLE_NS_ASSERTIONS = NO;
				ENABLE_STRICT_OBJC_MSGSEND = YES;
				GCC_C_LANGUAGE_STANDARD = gnu11;
				GCC_NO_COMMON_BLOCKS = YES;
				GCC_WARN_64_TO_32_BIT_CONVERSION = YES;
				GCC_WARN_ABOUT_RETURN_TYPE = YES_ERROR;
				GCC_WARN_UNDECLARED_SELECTOR = YES;
				GCC_WARN_UNINITIALIZED_AUTOS = YES_AGGRESSIVE;
				GCC_WARN_UNUSED_FUNCTION = YES;
				GCC_WARN_UNUSED_VARIABLE = YES;
				IPHONEOS_DEPLOYMENT_TARGET = 11.0;
				MTL_ENABLE_DEBUG_INFO = NO;
				SDKROOT = iphoneos;
				SWIFT_OPTIMIZATION_LEVEL = "-Owholemodule";
				VALIDATE_PRODUCT = YES;
			};
			name = Release;
		};
		1B6219AE20613C0F00C0D816 /* Debug */ = {
			isa = XCBuildConfiguration;
			baseConfigurationReference = 04B95AD90A4C22045EBD7C19 /* Pods-FonkLunchTimeMenu.debug.xcconfig */;
			buildSettings = {
				ASSETCATALOG_COMPILER_APPICON_NAME = AppIcon;
				CLANG_ENABLE_MODULES = YES;
				CODE_SIGN_STYLE = Automatic;
				DEVELOPMENT_TEAM = 5G3E4G5D62;
				INFOPLIST_FILE = FonkLunchTimeMenu/Info.plist;
				LD_RUNPATH_SEARCH_PATHS = "$(inherited) @executable_path/Frameworks";
				PRODUCT_BUNDLE_IDENTIFIER = com.Appulse.FonkLunchTimeMenu;
				PRODUCT_NAME = "$(TARGET_NAME)";
				SWIFT_OBJC_BRIDGING_HEADER = "FonkLunchTimeMenu/FonkLunchTimeMenu-Bridging-Header.h";
				SWIFT_OPTIMIZATION_LEVEL = "-Onone";
				SWIFT_VERSION = 4.0;
				TARGETED_DEVICE_FAMILY = "1,2";
			};
			name = Debug;
		};
		1B6219AF20613C0F00C0D816 /* Release */ = {
			isa = XCBuildConfiguration;
			baseConfigurationReference = BE83FCBBF36A6124C5458045 /* Pods-FonkLunchTimeMenu.release.xcconfig */;
			buildSettings = {
				ASSETCATALOG_COMPILER_APPICON_NAME = AppIcon;
				CLANG_ENABLE_MODULES = YES;
				CODE_SIGN_STYLE = Automatic;
				DEVELOPMENT_TEAM = 5G3E4G5D62;
				INFOPLIST_FILE = FonkLunchTimeMenu/Info.plist;
				LD_RUNPATH_SEARCH_PATHS = "$(inherited) @executable_path/Frameworks";
				PRODUCT_BUNDLE_IDENTIFIER = com.Appulse.FonkLunchTimeMenu;
				PRODUCT_NAME = "$(TARGET_NAME)";
				SWIFT_OBJC_BRIDGING_HEADER = "FonkLunchTimeMenu/FonkLunchTimeMenu-Bridging-Header.h";
				SWIFT_VERSION = 4.0;
				TARGETED_DEVICE_FAMILY = "1,2";
			};
			name = Release;
		};
/* End XCBuildConfiguration section */

/* Begin XCConfigurationList section */
		1B62199620613C0F00C0D816 /* Build configuration list for PBXProject "FonkLunchTimeMenu" */ = {
			isa = XCConfigurationList;
			buildConfigurations = (
				1B6219AB20613C0F00C0D816 /* Debug */,
				1B6219AC20613C0F00C0D816 /* Release */,
			);
			defaultConfigurationIsVisible = 0;
			defaultConfigurationName = Release;
		};
		1B6219AD20613C0F00C0D816 /* Build configuration list for PBXNativeTarget "FonkLunchTimeMenu" */ = {
			isa = XCConfigurationList;
			buildConfigurations = (
				1B6219AE20613C0F00C0D816 /* Debug */,
				1B6219AF20613C0F00C0D816 /* Release */,
			);
			defaultConfigurationIsVisible = 0;
			defaultConfigurationName = Release;
		};
/* End XCConfigurationList section */
	};
	rootObject = 1B62199320613C0F00C0D816 /* Project object */;
}
